// !$*UTF8*$!
{
	archiveVersion = 1;
	classes = {
	};
	objectVersion = 46;
	objects = {

/* Begin PBXBuildFile section */
		25D6C34C1B84511A00984FDA /* HomeViewController.m in Sources */ = {isa = PBXBuildFile; fileRef = 25D6C34B1B84511A00984FDA /* HomeViewController.m */; };
		25D6C34F1B845A5A00984FDA /* UIView+Genie.m in Sources */ = {isa = PBXBuildFile; fileRef = 25D6C34E1B845A5A00984FDA /* UIView+Genie.m */; };
		25D6C3521B8461D200984FDA /* LoginViewController.m in Sources */ = {isa = PBXBuildFile; fileRef = 25D6C3511B8461D200984FDA /* LoginViewController.m */; };
		908F84311B8060C1000105B3 /* main.m in Sources */ = {isa = PBXBuildFile; fileRef = 908F84301B8060C1000105B3 /* main.m */; };
		908F84341B8060C1000105B3 /* AppDelegate.m in Sources */ = {isa = PBXBuildFile; fileRef = 908F84331B8060C1000105B3 /* AppDelegate.m */; };
		908F84401B8060C1000105B3 /* Main.storyboard in Resources */ = {isa = PBXBuildFile; fileRef = 908F843E1B8060C1000105B3 /* Main.storyboard */; };
		908F84421B8060C1000105B3 /* Images.xcassets in Resources */ = {isa = PBXBuildFile; fileRef = 908F84411B8060C1000105B3 /* Images.xcassets */; };
		908F84451B8060C1000105B3 /* LaunchScreen.xib in Resources */ = {isa = PBXBuildFile; fileRef = 908F84431B8060C1000105B3 /* LaunchScreen.xib */; };
		908F84511B8060C1000105B3 /* GoTymTestTests.m in Sources */ = {isa = PBXBuildFile; fileRef = 908F84501B8060C1000105B3 /* GoTymTestTests.m */; };
		90929DCB1B8078CF0063FA29 /* RootViewController.m in Sources */ = {isa = PBXBuildFile; fileRef = 90929DCA1B8078CF0063FA29 /* RootViewController.m */; };
/* End PBXBuildFile section */

/* Begin PBXContainerItemProxy section */
		908F844B1B8060C1000105B3 /* PBXContainerItemProxy */ = {
			isa = PBXContainerItemProxy;
			containerPortal = 908F84231B8060C1000105B3 /* Project object */;
			proxyType = 1;
			remoteGlobalIDString = 908F842A1B8060C1000105B3;
			remoteInfo = GoTymTest;
		};
/* End PBXContainerItemProxy section */

/* Begin PBXFileReference section */
		25D6C34A1B84511A00984FDA /* HomeViewController.h */ = {isa = PBXFileReference; fileEncoding = 4; lastKnownFileType = sourcecode.c.h; path = HomeViewController.h; sourceTree = "<group>"; };
		25D6C34B1B84511A00984FDA /* HomeViewController.m */ = {isa = PBXFileReference; fileEncoding = 4; lastKnownFileType = sourcecode.c.objc; path = HomeViewController.m; sourceTree = "<group>"; };
		25D6C34D1B845A5A00984FDA /* UIView+Genie.h */ = {isa = PBXFileReference; fileEncoding = 4; lastKnownFileType = sourcecode.c.h; path = "UIView+Genie.h"; sourceTree = "<group>"; };
		25D6C34E1B845A5A00984FDA /* UIView+Genie.m */ = {isa = PBXFileReference; fileEncoding = 4; lastKnownFileType = sourcecode.c.objc; path = "UIView+Genie.m"; sourceTree = "<group>"; };
		25D6C3501B8461D200984FDA /* LoginViewController.h */ = {isa = PBXFileReference; fileEncoding = 4; lastKnownFileType = sourcecode.c.h; path = LoginViewController.h; sourceTree = "<group>"; };
		25D6C3511B8461D200984FDA /* LoginViewController.m */ = {isa = PBXFileReference; fileEncoding = 4; lastKnownFileType = sourcecode.c.objc; path = LoginViewController.m; sourceTree = "<group>"; };
		908F842B1B8060C1000105B3 /* GoTymTest.app */ = {isa = PBXFileReference; explicitFileType = wrapper.application; includeInIndex = 0; path = GoTymTest.app; sourceTree = BUILT_PRODUCTS_DIR; };
		908F842F1B8060C1000105B3 /* Info.plist */ = {isa = PBXFileReference; lastKnownFileType = text.plist.xml; path = Info.plist; sourceTree = "<group>"; };
		908F84301B8060C1000105B3 /* main.m */ = {isa = PBXFileReference; lastKnownFileType = sourcecode.c.objc; path = main.m; sourceTree = "<group>"; };
		908F84321B8060C1000105B3 /* AppDelegate.h */ = {isa = PBXFileReference; lastKnownFileType = sourcecode.c.h; path = AppDelegate.h; sourceTree = "<group>"; };
		908F84331B8060C1000105B3 /* AppDelegate.m */ = {isa = PBXFileReference; lastKnownFileType = sourcecode.c.objc; path = AppDelegate.m; sourceTree = "<group>"; };
		908F843F1B8060C1000105B3 /* Base */ = {isa = PBXFileReference; lastKnownFileType = file.storyboard; name = Base; path = Base.lproj/Main.storyboard; sourceTree = "<group>"; };
		908F84411B8060C1000105B3 /* Images.xcassets */ = {isa = PBXFileReference; lastKnownFileType = folder.assetcatalog; path = Images.xcassets; sourceTree = "<group>"; };
		908F84441B8060C1000105B3 /* Base */ = {isa = PBXFileReference; lastKnownFileType = file.xib; name = Base; path = Base.lproj/LaunchScreen.xib; sourceTree = "<group>"; };
		908F844A1B8060C1000105B3 /* GoTymTestTests.xctest */ = {isa = PBXFileReference; explicitFileType = wrapper.cfbundle; includeInIndex = 0; path = GoTymTestTests.xctest; sourceTree = BUILT_PRODUCTS_DIR; };
		908F844F1B8060C1000105B3 /* Info.plist */ = {isa = PBXFileReference; lastKnownFileType = text.plist.xml; path = Info.plist; sourceTree = "<group>"; };
		908F84501B8060C1000105B3 /* GoTymTestTests.m */ = {isa = PBXFileReference; lastKnownFileType = sourcecode.c.objc; path = GoTymTestTests.m; sourceTree = "<group>"; };
		90929DC91B8078CF0063FA29 /* RootViewController.h */ = {isa = PBXFileReference; fileEncoding = 4; lastKnownFileType = sourcecode.c.h; path = RootViewController.h; sourceTree = "<group>"; };
		90929DCA1B8078CF0063FA29 /* RootViewController.m */ = {isa = PBXFileReference; fileEncoding = 4; lastKnownFileType = sourcecode.c.objc; path = RootViewController.m; sourceTree = "<group>"; };
/* End PBXFileReference section */

/* Begin PBXFrameworksBuildPhase section */
		908F84281B8060C1000105B3 /* Frameworks */ = {
			isa = PBXFrameworksBuildPhase;
			buildActionMask = 2147483647;
			files = (
			);
			runOnlyForDeploymentPostprocessing = 0;
		};
		908F84471B8060C1000105B3 /* Frameworks */ = {
			isa = PBXFrameworksBuildPhase;
			buildActionMask = 2147483647;
			files = (
			);
			runOnlyForDeploymentPostprocessing = 0;
		};
/* End PBXFrameworksBuildPhase section */

/* Begin PBXGroup section */
		908F84221B8060C1000105B3 = {
			isa = PBXGroup;
			children = (
				908F842D1B8060C1000105B3 /* GoTymTest */,
				908F844D1B8060C1000105B3 /* GoTymTestTests */,
				908F842C1B8060C1000105B3 /* Products */,
			);
			sourceTree = "<group>";
		};
		908F842C1B8060C1000105B3 /* Products */ = {
			isa = PBXGroup;
			children = (
				908F842B1B8060C1000105B3 /* GoTymTest.app */,
				908F844A1B8060C1000105B3 /* GoTymTestTests.xctest */,
			);
			name = Products;
			sourceTree = "<group>";
		};
		908F842D1B8060C1000105B3 /* GoTymTest */ = {
			isa = PBXGroup;
			children = (
				908F84321B8060C1000105B3 /* AppDelegate.h */,
				908F84331B8060C1000105B3 /* AppDelegate.m */,
				25D6C34D1B845A5A00984FDA /* UIView+Genie.h */,
				25D6C34E1B845A5A00984FDA /* UIView+Genie.m */,
				908F845F1B806633000105B3 /* View */,
				908F842E1B8060C1000105B3 /* Supporting Files */,
			);
			path = GoTymTest;
			sourceTree = "<group>";
		};
		908F842E1B8060C1000105B3 /* Supporting Files */ = {
			isa = PBXGroup;
			children = (
				908F84411B8060C1000105B3 /* Images.xcassets */,
				908F842F1B8060C1000105B3 /* Info.plist */,
				908F84301B8060C1000105B3 /* main.m */,
			);
			name = "Supporting Files";
			sourceTree = "<group>";
		};
		908F844D1B8060C1000105B3 /* GoTymTestTests */ = {
			isa = PBXGroup;
			children = (
				908F84501B8060C1000105B3 /* GoTymTestTests.m */,
				908F844E1B8060C1000105B3 /* Supporting Files */,
			);
			path = GoTymTestTests;
			sourceTree = "<group>";
		};
		908F844E1B8060C1000105B3 /* Supporting Files */ = {
			isa = PBXGroup;
			children = (
				908F844F1B8060C1000105B3 /* Info.plist */,
			);
			name = "Supporting Files";
			sourceTree = "<group>";
		};
		908F845F1B806633000105B3 /* View */ = {
			isa = PBXGroup;
			children = (
				908F84431B8060C1000105B3 /* LaunchScreen.xib */,
				908F843E1B8060C1000105B3 /* Main.storyboard */,
				25D6C34A1B84511A00984FDA /* HomeViewController.h */,
				25D6C34B1B84511A00984FDA /* HomeViewController.m */,
				90929DC91B8078CF0063FA29 /* RootViewController.h */,
				90929DCA1B8078CF0063FA29 /* RootViewController.m */,
				25D6C3501B8461D200984FDA /* LoginViewController.h */,
				25D6C3511B8461D200984FDA /* LoginViewController.m */,
			);
			name = View;
			sourceTree = "<group>";
		};
/* End PBXGroup section */

/* Begin PBXNativeTarget section */
		908F842A1B8060C1000105B3 /* GoTymTest */ = {
			isa = PBXNativeTarget;
			buildConfigurationList = 908F84541B8060C1000105B3 /* Build configuration list for PBXNativeTarget "GoTymTest" */;
			buildPhases = (
				908F84271B8060C1000105B3 /* Sources */,
				908F84281B8060C1000105B3 /* Frameworks */,
				908F84291B8060C1000105B3 /* Resources */,
			);
			buildRules = (
			);
			dependencies = (
			);
			name = GoTymTest;
			productName = GoTymTest;
			productReference = 908F842B1B8060C1000105B3 /* GoTymTest.app */;
			productType = "com.apple.product-type.application";
		};
		908F84491B8060C1000105B3 /* GoTymTestTests */ = {
			isa = PBXNativeTarget;
			buildConfigurationList = 908F84571B8060C1000105B3 /* Build configuration list for PBXNativeTarget "GoTymTestTests" */;
			buildPhases = (
				908F84461B8060C1000105B3 /* Sources */,
				908F84471B8060C1000105B3 /* Frameworks */,
				908F84481B8060C1000105B3 /* Resources */,
			);
			buildRules = (
			);
			dependencies = (
				908F844C1B8060C1000105B3 /* PBXTargetDependency */,
			);
			name = GoTymTestTests;
			productName = GoTymTestTests;
			productReference = 908F844A1B8060C1000105B3 /* GoTymTestTests.xctest */;
			productType = "com.apple.product-type.bundle.unit-test";
		};
/* End PBXNativeTarget section */

/* Begin PBXProject section */
		908F84231B8060C1000105B3 /* Project object */ = {
			isa = PBXProject;
			attributes = {
				LastUpgradeCheck = 0640;
				ORGANIZATIONNAME = MyKeL;
				TargetAttributes = {
					908F842A1B8060C1000105B3 = {
						CreatedOnToolsVersion = 6.4;
						DevelopmentTeam = 5F5KU23F35;
					};
					908F84491B8060C1000105B3 = {
						CreatedOnToolsVersion = 6.4;
						TestTargetID = 908F842A1B8060C1000105B3;
					};
				};
			};
			buildConfigurationList = 908F84261B8060C1000105B3 /* Build configuration list for PBXProject "GoTymTest" */;
			compatibilityVersion = "Xcode 3.2";
			developmentRegion = English;
			hasScannedForEncodings = 0;
			knownRegions = (
				en,
				Base,
			);
			mainGroup = 908F84221B8060C1000105B3;
			productRefGroup = 908F842C1B8060C1000105B3 /* Products */;
			projectDirPath = "";
			projectRoot = "";
			targets = (
				908F842A1B8060C1000105B3 /* GoTymTest */,
				908F84491B8060C1000105B3 /* GoTymTestTests */,
			);
		};
/* End PBXProject section */

/* Begin PBXResourcesBuildPhase section */
		908F84291B8060C1000105B3 /* Resources */ = {
			isa = PBXResourcesBuildPhase;
			buildActionMask = 2147483647;
			files = (
				908F84401B8060C1000105B3 /* Main.storyboard in Resources */,
				908F84451B8060C1000105B3 /* LaunchScreen.xib in Resources */,
				908F84421B8060C1000105B3 /* Images.xcassets in Resources */,
			);
			runOnlyForDeploymentPostprocessing = 0;
		};
		908F84481B8060C1000105B3 /* Resources */ = {
			isa = PBXResourcesBuildPhase;
			buildActionMask = 2147483647;
			files = (
			);
			runOnlyForDeploymentPostprocessing = 0;
		};
/* End PBXResourcesBuildPhase section */

/* Begin PBXSourcesBuildPhase section */
		908F84271B8060C1000105B3 /* Sources */ = {
			isa = PBXSourcesBuildPhase;
			buildActionMask = 2147483647;
			files = (
				908F84341B8060C1000105B3 /* AppDelegate.m in Sources */,
				908F84311B8060C1000105B3 /* main.m in Sources */,
				25D6C3521B8461D200984FDA /* LoginViewController.m in Sources */,
				90929DCB1B8078CF0063FA29 /* RootViewController.m in Sources */,
				25D6C34F1B845A5A00984FDA /* UIView+Genie.m in Sources */,
				25D6C34C1B84511A00984FDA /* HomeViewController.m in Sources */,
			);
			runOnlyForDeploymentPostprocessing = 0;
		};
		908F84461B8060C1000105B3 /* Sources */ = {
			isa = PBXSourcesBuildPhase;
			buildActionMask = 2147483647;
			files = (
				908F84511B8060C1000105B3 /* GoTymTestTests.m in Sources */,
			);
			runOnlyForDeploymentPostprocessing = 0;
		};
/* End PBXSourcesBuildPhase section */

/* Begin PBXTargetDependency section */
		908F844C1B8060C1000105B3 /* PBXTargetDependency */ = {
			isa = PBXTargetDependency;
			target = 908F842A1B8060C1000105B3 /* GoTymTest */;
			targetProxy = 908F844B1B8060C1000105B3 /* PBXContainerItemProxy */;
		};
/* End PBXTargetDependency section */

/* Begin PBXVariantGroup section */
		908F843E1B8060C1000105B3 /* Main.storyboard */ = {
			isa = PBXVariantGroup;
			children = (
				908F843F1B8060C1000105B3 /* Base */,
			);
			name = Main.storyboard;
			sourceTree = "<group>";
		};
		908F84431B8060C1000105B3 /* LaunchScreen.xib */ = {
			isa = PBXVariantGroup;
			children = (
				908F84441B8060C1000105B3 /* Base */,
			);
			name = LaunchScreen.xib;
			sourceTree = "<group>";
		};
/* End PBXVariantGroup section */

/* Begin XCBuildConfiguration section */
		908F84521B8060C1000105B3 /* Debug */ = {
			isa = XCBuildConfiguration;
			buildSettings = {
				ALWAYS_SEARCH_USER_PATHS = NO;
				CLANG_CXX_LANGUAGE_STANDARD = "gnu++0x";
				CLANG_CXX_LIBRARY = "libc++";
				CLANG_ENABLE_MODULES = YES;
				CLANG_ENABLE_OBJC_ARC = YES;
				CLANG_WARN_BOOL_CONVERSION = YES;
				CLANG_WARN_CONSTANT_CONVERSION = YES;
				CLANG_WARN_DIRECT_OBJC_ISA_USAGE = YES_ERROR;
				CLANG_WARN_EMPTY_BODY = YES;
				CLANG_WARN_ENUM_CONVERSION = YES;
				CLANG_WARN_INT_CONVERSION = YES;
				CLANG_WARN_OBJC_ROOT_CLASS = YES_ERROR;
				CLANG_WARN_UNREACHABLE_CODE = YES;
				CLANG_WARN__DUPLICATE_METHOD_MATCH = YES;
				"CODE_SIGN_IDENTITY[sdk=iphoneos*]" = "iPhone Developer";
				COPY_PHASE_STRIP = NO;
				DEBUG_INFORMATION_FORMAT = "dwarf-with-dsym";
				ENABLE_STRICT_OBJC_MSGSEND = YES;
				GCC_C_LANGUAGE_STANDARD = gnu99;
				GCC_DYNAMIC_NO_PIC = NO;
				GCC_NO_COMMON_BLOCKS = YES;
				GCC_OPTIMIZATION_LEVEL = 0;
				GCC_PREPROCESSOR_DEFINITIONS = (
					"DEBUG=1",
					"$(inherited)",
				);
				GCC_SYMBOLS_PRIVATE_EXTERN = NO;
				GCC_WARN_64_TO_32_BIT_CONVERSION = YES;
				GCC_WARN_ABOUT_RETURN_TYPE = YES_ERROR;
				GCC_WARN_UNDECLARED_SELECTOR = YES;
				GCC_WARN_UNINITIALIZED_AUTOS = YES_AGGRESSIVE;
				GCC_WARN_UNUSED_FUNCTION = YES;
				GCC_WARN_UNUSED_VARIABLE = YES;
				IPHONEOS_DEPLOYMENT_TARGET = 8.4;
				MTL_ENABLE_DEBUG_INFO = YES;
				ONLY_ACTIVE_ARCH = YES;
				SDKROOT = iphoneos;
			};
			name = Debug;
		};
		908F84531B8060C1000105B3 /* Release */ = {
			isa = XCBuildConfiguration;
			buildSettings = {
				ALWAYS_SEARCH_USER_PATHS = NO;
				CLANG_CXX_LANGUAGE_STANDARD = "gnu++0x";
				CLANG_CXX_LIBRARY = "libc++";
				CLANG_ENABLE_MODULES = YES;
				CLANG_ENABLE_OBJC_ARC = YES;
				CLANG_WARN_BOOL_CONVERSION = YES;
				CLANG_WARN_CONSTANT_CONVERSION = YES;
				CLANG_WARN_DIRECT_OBJC_ISA_USAGE = YES_ERROR;
				CLANG_WARN_EMPTY_BODY = YES;
				CLANG_WARN_ENUM_CONVERSION = YES;
				CLANG_WARN_INT_CONVERSION = YES;
				CLANG_WARN_OBJC_ROOT_CLASS = YES_ERROR;
				CLANG_WARN_UNREACHABLE_CODE = YES;
				CLANG_WARN__DUPLICATE_METHOD_MATCH = YES;
				"CODE_SIGN_IDENTITY[sdk=iphoneos*]" = "iPhone Developer";
				COPY_PHASE_STRIP = NO;
				DEBUG_INFORMATION_FORMAT = "dwarf-with-dsym";
				ENABLE_NS_ASSERTIONS = NO;
				ENABLE_STRICT_OBJC_MSGSEND = YES;
				GCC_C_LANGUAGE_STANDARD = gnu99;
				GCC_NO_COMMON_BLOCKS = YES;
				GCC_WARN_64_TO_32_BIT_CONVERSION = YES;
				GCC_WARN_ABOUT_RETURN_TYPE = YES_ERROR;
				GCC_WARN_UNDECLARED_SELECTOR = YES;
				GCC_WARN_UNINITIALIZED_AUTOS = YES_AGGRESSIVE;
				GCC_WARN_UNUSED_FUNCTION = YES;
				GCC_WARN_UNUSED_VARIABLE = YES;
				IPHONEOS_DEPLOYMENT_TARGET = 8.4;
				MTL_ENABLE_DEBUG_INFO = NO;
				SDKROOT = iphoneos;
				VALIDATE_PRODUCT = YES;
			};
			name = Release;
		};
		908F84551B8060C1000105B3 /* Debug */ = {
			isa = XCBuildConfiguration;
			buildSettings = {
				ASSETCATALOG_COMPILER_APPICON_NAME = AppIcon;
				CODE_SIGN_IDENTITY = "iPhone Developer";
				INFOPLIST_FILE = GoTymTest/Info.plist;
				LD_RUNPATH_SEARCH_PATHS = "$(inherited) @executable_path/Frameworks";
				PRODUCT_NAME = "$(TARGET_NAME)";
			};
			name = Debug;
		};
		908F84561B8060C1000105B3 /* Release */ = {
			isa = XCBuildConfiguration;
			buildSettings = {
				ASSETCATALOG_COMPILER_APPICON_NAME = AppIcon;
				CODE_SIGN_IDENTITY = "iPhone Developer";
				INFOPLIST_FILE = GoTymTest/Info.plist;
				LD_RUNPATH_SEARCH_PATHS = "$(inherited) @executable_path/Frameworks";
				PRODUCT_NAME = "$(TARGET_NAME)";
			};
			name = Release;
		};
		908F84581B8060C1000105B3 /* Debug */ = {
			isa = XCBuildConfiguration;
			buildSettings = {
				BUNDLE_LOADER = "$(TEST_HOST)";
				FRAMEWORK_SEARCH_PATHS = (
					"$(SDKROOT)/Developer/Library/Frameworks",
					"$(inherited)",
				);
				GCC_PREPROCESSOR_DEFINITIONS = (
					"DEBUG=1",
					"$(inherited)",
				);
				INFOPLIST_FILE = GoTymTestTests/Info.plist;
				LD_RUNPATH_SEARCH_PATHS = "$(inherited) @executable_path/Frameworks @loader_path/Frameworks";
				PRODUCT_NAME = "$(TARGET_NAME)";
				TEST_HOST = "$(BUILT_PRODUCTS_DIR)/GoTymTest.app/GoTymTest";
			};
			name = Debug;
		};
		908F84591B8060C1000105B3 /* Release */ = {
			isa = XCBuildConfiguration;
			buildSettings = {
				BUNDLE_LOADER = "$(TEST_HOST)";
				FRAMEWORK_SEARCH_PATHS = (
					"$(SDKROOT)/Developer/Library/Frameworks",
					"$(inherited)",
				);
				INFOPLIST_FILE = GoTymTestTests/Info.plist;
				LD_RUNPATH_SEARCH_PATHS = "$(inherited) @executable_path/Frameworks @loader_path/Frameworks";
				PRODUCT_NAME = "$(TARGET_NAME)";
				TEST_HOST = "$(BUILT_PRODUCTS_DIR)/GoTymTest.app/GoTymTest";
			};
			name = Release;
		};
/* End XCBuildConfiguration section */

/* Begin XCConfigurationList section */
		908F84261B8060C1000105B3 /* Build configuration list for PBXProject "GoTymTest" */ = {
			isa = XCConfigurationList;
			buildConfigurations = (
				908F84521B8060C1000105B3 /* Debug */,
				908F84531B8060C1000105B3 /* Release */,
			);
			defaultConfigurationIsVisible = 0;
			defaultConfigurationName = Release;
		};
		908F84541B8060C1000105B3 /* Build configuration list for PBXNativeTarget "GoTymTest" */ = {
			isa = XCConfigurationList;
			buildConfigurations = (
				908F84551B8060C1000105B3 /* Debug */,
				908F84561B8060C1000105B3 /* Release */,
			);
			defaultConfigurationIsVisible = 0;
			defaultConfigurationName = Release;
		};
		908F84571B8060C1000105B3 /* Build configuration list for PBXNativeTarget "GoTymTestTests" */ = {
			isa = XCConfigurationList;
			buildConfigurations = (
				908F84581B8060C1000105B3 /* Debug */,
				908F84591B8060C1000105B3 /* Release */,
			);
			defaultConfigurationIsVisible = 0;
			defaultConfigurationName = Release;
		};
/* End XCConfigurationList section */
	};
	rootObject = 908F84231B8060C1000105B3 /* Project object */;
}
